
Microsoft Visual Studio Solution File, Format Version 12.00
# Visual Studio Version 16
VisualStudioVersion = 16.0.29613.14
MinimumVisualStudioVersion = 10.0.40219.1
Project("{9A19103F-16F7-4668-BE54-9A1E7A4F7556}") = "ConsoleApp CSV Example", "ConsoleApp CSV Example\ConsoleApp CSV Example.csproj", "{E08B4207-CFAC-469E-9B14-AC69EB75CE73}"
EndProject
Project("{9A19103F-16F7-4668-BE54-9A1E7A4F7556}") = "ConsoleApp Excel Example", "ConsoleApp Excel Example\ConsoleApp Excel Example.csproj", "{34D2844C-4899-4836-B46C-B5A05698F6DC}"
EndProject
Project("{9A19103F-16F7-4668-BE54-9A1E7A4F7556}") = "WPF Example Excel", "WPF Example CSV\WPF Example Excel.csproj", "{3491C45F-CCEB-4F05-8C8E-DFAC3D94A2BB}"
EndProject
Project("{00D1A9C2-B5F0-4AF3-8072-F6C62B433612}") = "CountriesDB", "CountriesDB\CountriesDB.sqlproj", "{49F12448-07B4-41F3-9826-85AB1D009947}"
EndProject
Project("{FAE04EC0-301F-11D3-BF4B-00C04F79EFBC}") = "ConsoleApp NET45", "ConsoleApp NET45\ConsoleApp NET45.csproj", "{6FABB927-575B-471C-B9CF-E80776B3C399}"
EndProject
Project("{FAE04EC0-301F-11D3-BF4B-00C04F79EFBC}") = "ConsoleApp NET4", "ConsoleApp NET40\ConsoleApp NET4.csproj", "{3F0F2FD5-593E-41EF-8564-7C13C0E4943C}"
EndProject
Project("{9A19103F-16F7-4668-BE54-9A1E7A4F7556}") = "ConsoleApp Core 3", "ConsoleApp Core 3\ConsoleApp Core 3.csproj", "{38DA35B9-7B49-48D7-A6AF-D5B0B6DDE40D}"
EndProject
Project("{9A19103F-16F7-4668-BE54-9A1E7A4F7556}") = "ConsoleApp Core 2.1", "ConsoleApp Core 2\ConsoleApp Core 2.1.csproj", "{A5A65ED4-3049-488F-9492-6E9F422AA130}"
EndProject
Project("{9A19103F-16F7-4668-BE54-9A1E7A4F7556}") = "ConsoleApp Paged Example", "ConsoleApp Paged Example\ConsoleApp Paged Example.csproj", "{6D9FDDD6-EA81-4F3C-8201-2F8DCC599D4E}"
EndProject
Project("{FAE04EC0-301F-11D3-BF4B-00C04F79EFBC}") = "ConsoleApp T4 POCO Generator Example", "ConsoleApp T4 POCO Generator Example\ConsoleApp T4 POCO Generator Example.csproj", "{2CF57354-2C02-47B5-AADE-4AF5E4E04BCB}"
EndProject
Global
	GlobalSection(SolutionConfigurationPlatforms) = preSolution
		Debug|Any CPU = Debug|Any CPU
		Debug|x86 = Debug|x86
		Release|Any CPU = Release|Any CPU
		Release|x86 = Release|x86
	EndGlobalSection
	GlobalSection(ProjectConfigurationPlatforms) = postSolution
		{E08B4207-CFAC-469E-9B14-AC69EB75CE73}.Debug|Any CPU.ActiveCfg = Debug|Any CPU
		{E08B4207-CFAC-469E-9B14-AC69EB75CE73}.Debug|Any CPU.Build.0 = Debug|Any CPU
		{E08B4207-CFAC-469E-9B14-AC69EB75CE73}.Debug|x86.ActiveCfg = Debug|x86
		{E08B4207-CFAC-469E-9B14-AC69EB75CE73}.Debug|x86.Build.0 = Debug|x86
		{E08B4207-CFAC-469E-9B14-AC69EB75CE73}.Release|Any CPU.ActiveCfg = Release|Any CPU
		{E08B4207-CFAC-469E-9B14-AC69EB75CE73}.Release|Any CPU.Build.0 = Release|Any CPU
		{E08B4207-CFAC-469E-9B14-AC69EB75CE73}.Release|x86.ActiveCfg = Release|x86
		{E08B4207-CFAC-469E-9B14-AC69EB75CE73}.Release|x86.Build.0 = Release|x86
		{34D2844C-4899-4836-B46C-B5A05698F6DC}.Debug|Any CPU.ActiveCfg = Debug|Any CPU
		{34D2844C-4899-4836-B46C-B5A05698F6DC}.Debug|Any CPU.Build.0 = Debug|Any CPU
		{34D2844C-4899-4836-B46C-B5A05698F6DC}.Debug|x86.ActiveCfg = Debug|x86
		{34D2844C-4899-4836-B46C-B5A05698F6DC}.Debug|x86.Build.0 = Debug|x86
		{34D2844C-4899-4836-B46C-B5A05698F6DC}.Release|Any CPU.ActiveCfg = Release|Any CPU
		{34D2844C-4899-4836-B46C-B5A05698F6DC}.Release|Any CPU.Build.0 = Release|Any CPU
		{34D2844C-4899-4836-B46C-B5A05698F6DC}.Release|x86.ActiveCfg = Release|x86
		{34D2844C-4899-4836-B46C-B5A05698F6DC}.Release|x86.Build.0 = Release|x86
		{3491C45F-CCEB-4F05-8C8E-DFAC3D94A2BB}.Debug|Any CPU.ActiveCfg = Debug|Any CPU
		{3491C45F-CCEB-4F05-8C8E-DFAC3D94A2BB}.Debug|Any CPU.Build.0 = Debug|Any CPU
		{3491C45F-CCEB-4F05-8C8E-DFAC3D94A2BB}.Debug|x86.ActiveCfg = Debug|Any CPU
		{3491C45F-CCEB-4F05-8C8E-DFAC3D94A2BB}.Debug|x86.Build.0 = Debug|Any CPU
		{3491C45F-CCEB-4F05-8C8E-DFAC3D94A2BB}.Release|Any CPU.ActiveCfg = Release|Any CPU
		{3491C45F-CCEB-4F05-8C8E-DFAC3D94A2BB}.Release|Any CPU.Build.0 = Release|Any CPU
		{3491C45F-CCEB-4F05-8C8E-DFAC3D94A2BB}.Release|x86.ActiveCfg = Release|Any CPU
		{3491C45F-CCEB-4F05-8C8E-DFAC3D94A2BB}.Release|x86.Build.0 = Release|Any CPU
		{49F12448-07B4-41F3-9826-85AB1D009947}.Debug|Any CPU.ActiveCfg = Debug|Any CPU
		{49F12448-07B4-41F3-9826-85AB1D009947}.Debug|Any CPU.Build.0 = Debug|Any CPU
		{49F12448-07B4-41F3-9826-85AB1D009947}.Debug|Any CPU.Deploy.0 = Debug|Any CPU
		{49F12448-07B4-41F3-9826-85AB1D009947}.Debug|x86.ActiveCfg = Debug|Any CPU
		{49F12448-07B4-41F3-9826-85AB1D009947}.Debug|x86.Build.0 = Debug|Any CPU
		{49F12448-07B4-41F3-9826-85AB1D009947}.Debug|x86.Deploy.0 = Debug|Any CPU
		{49F12448-07B4-41F3-9826-85AB1D009947}.Release|Any CPU.ActiveCfg = Release|Any CPU
		{49F12448-07B4-41F3-9826-85AB1D009947}.Release|Any CPU.Build.0 = Release|Any CPU
		{49F12448-07B4-41F3-9826-85AB1D009947}.Release|Any CPU.Deploy.0 = Release|Any CPU
		{49F12448-07B4-41F3-9826-85AB1D009947}.Release|x86.ActiveCfg = Release|Any CPU
		{49F12448-07B4-41F3-9826-85AB1D009947}.Release|x86.Build.0 = Release|Any CPU
		{49F12448-07B4-41F3-9826-85AB1D009947}.Release|x86.Deploy.0 = Release|Any CPU
		{6FABB927-575B-471C-B9CF-E80776B3C399}.Debug|Any CPU.ActiveCfg = Debug|Any CPU
		{6FABB927-575B-471C-B9CF-E80776B3C399}.Debug|Any CPU.Build.0 = Debug|Any CPU
		{6FABB927-575B-471C-B9CF-E80776B3C399}.Debug|x86.ActiveCfg = Debug|Any CPU
		{6FABB927-575B-471C-B9CF-E80776B3C399}.Debug|x86.Build.0 = Debug|Any CPU
		{6FABB927-575B-471C-B9CF-E80776B3C399}.Release|Any CPU.ActiveCfg = Release|Any CPU
		{6FABB927-575B-471C-B9CF-E80776B3C399}.Release|Any CPU.Build.0 = Release|Any CPU
		{6FABB927-575B-471C-B9CF-E80776B3C399}.Release|x86.ActiveCfg = Release|Any CPU
		{6FABB927-575B-471C-B9CF-E80776B3C399}.Release|x86.Build.0 = Release|Any CPU
		{3F0F2FD5-593E-41EF-8564-7C13C0E4943C}.Debug|Any CPU.ActiveCfg = Debug|Any CPU
		{3F0F2FD5-593E-41EF-8564-7C13C0E4943C}.Debug|Any CPU.Build.0 = Debug|Any CPU
		{3F0F2FD5-593E-41EF-8564-7C13C0E4943C}.Debug|x86.ActiveCfg = Debug|Any CPU
		{3F0F2FD5-593E-41EF-8564-7C13C0E4943C}.Debug|x86.Build.0 = Debug|Any CPU
		{3F0F2FD5-593E-41EF-8564-7C13C0E4943C}.Release|Any CPU.ActiveCfg = Release|Any CPU
		{3F0F2FD5-593E-41EF-8564-7C13C0E4943C}.Release|Any CPU.Build.0 = Release|Any CPU
		{3F0F2FD5-593E-41EF-8564-7C13C0E4943C}.Release|x86.ActiveCfg = Release|Any CPU
		{3F0F2FD5-593E-41EF-8564-7C13C0E4943C}.Release|x86.Build.0 = Release|Any CPU
		{38DA35B9-7B49-48D7-A6AF-D5B0B6DDE40D}.Debug|Any CPU.ActiveCfg = Debug|Any CPU
		{38DA35B9-7B49-48D7-A6AF-D5B0B6DDE40D}.Debug|Any CPU.Build.0 = Debug|Any CPU
		{38DA35B9-7B49-48D7-A6AF-D5B0B6DDE40D}.Debug|x86.ActiveCfg = Debug|Any CPU
		{38DA35B9-7B49-48D7-A6AF-D5B0B6DDE40D}.Debug|x86.Build.0 = Debug|Any CPU
		{38DA35B9-7B49-48D7-A6AF-D5B0B6DDE40D}.Release|Any CPU.ActiveCfg = Release|Any CPU
		{38DA35B9-7B49-48D7-A6AF-D5B0B6DDE40D}.Release|Any CPU.Build.0 = Release|Any CPU
		{38DA35B9-7B49-48D7-A6AF-D5B0B6DDE40D}.Release|x86.ActiveCfg = Release|Any CPU
		{38DA35B9-7B49-48D7-A6AF-D5B0B6DDE40D}.Release|x86.Build.0 = Release|Any CPU
		{A5A65ED4-3049-488F-9492-6E9F422AA130}.Debug|Any CPU.ActiveCfg = Debug|Any CPU
		{A5A65ED4-3049-488F-9492-6E9F422AA130}.Debug|Any CPU.Build.0 = Debug|Any CPU
		{A5A65ED4-3049-488F-9492-6E9F422AA130}.Debug|x86.ActiveCfg = Debug|Any CPU
		{A5A65ED4-3049-488F-9492-6E9F422AA130}.Debug|x86.Build.0 = Debug|Any CPU
		{A5A65ED4-3049-488F-9492-6E9F422AA130}.Release|Any CPU.ActiveCfg = Release|Any CPU
		{A5A65ED4-3049-488F-9492-6E9F422AA130}.Release|Any CPU.Build.0 = Release|Any CPU
		{A5A65ED4-3049-488F-9492-6E9F422AA130}.Release|x86.ActiveCfg = Release|Any CPU
		{A5A65ED4-3049-488F-9492-6E9F422AA130}.Release|x86.Build.0 = Release|Any CPU
		{6D9FDDD6-EA81-4F3C-8201-2F8DCC599D4E}.Debug|Any CPU.ActiveCfg = Debug|Any CPU
		{6D9FDDD6-EA81-4F3C-8201-2F8DCC599D4E}.Debug|Any CPU.Build.0 = Debug|Any CPU
		{6D9FDDD6-EA81-4F3C-8201-2F8DCC599D4E}.Debug|x86.ActiveCfg = Debug|Any CPU
		{6D9FDDD6-EA81-4F3C-8201-2F8DCC599D4E}.Debug|x86.Build.0 = Debug|Any CPU
		{6D9FDDD6-EA81-4F3C-8201-2F8DCC599D4E}.Release|Any CPU.ActiveCfg = Release|Any CPU
		{6D9FDDD6-EA81-4F3C-8201-2F8DCC599D4E}.Release|Any CPU.Build.0 = Release|Any CPU
		{6D9FDDD6-EA81-4F3C-8201-2F8DCC599D4E}.Release|x86.ActiveCfg = Release|Any CPU
		{6D9FDDD6-EA81-4F3C-8201-2F8DCC599D4E}.Release|x86.Build.0 = Release|Any CPU
		{2CF57354-2C02-47B5-AADE-4AF5E4E04BCB}.Debug|Any CPU.ActiveCfg = Debug|Any CPU
		{2CF57354-2C02-47B5-AADE-4AF5E4E04BCB}.Debug|Any CPU.Build.0 = Debug|Any CPU
		{2CF57354-2C02-47B5-AADE-4AF5E4E04BCB}.Debug|x86.ActiveCfg = Debug|Any CPU
		{2CF57354-2C02-47B5-AADE-4AF5E4E04BCB}.Debug|x86.Build.0 = Debug|Any CPU
		{2CF57354-2C02-47B5-AADE-4AF5E4E04BCB}.Release|Any CPU.ActiveCfg = Release|Any CPU
		{2CF57354-2C02-47B5-AADE-4AF5E4E04BCB}.Release|Any CPU.Build.0 = Release|Any CPU
		{2CF57354-2C02-47B5-AADE-4AF5E4E04BCB}.Release|x86.ActiveCfg = Release|Any CPU
		{2CF57354-2C02-47B5-AADE-4AF5E4E04BCB}.Release|x86.Build.0 = Release|Any CPU
	EndGlobalSection
	GlobalSection(SolutionProperties) = preSolution
		HideSolutionNode = FALSE
	EndGlobalSection
	GlobalSection(ExtensibilityGlobals) = postSolution
		SolutionGuid = {1F6DCA16-7DB5-4DA3-A41D-971D54A38CD5}
	EndGlobalSection
EndGlobal
